
Microsoft Visual Studio Solution File, Format Version 12.00
# Visual Studio 14
VisualStudioVersion = 14.0.25420.1
MinimumVisualStudioVersion = 10.0.40219.1
Project("{9092AA53-FB77-4645-B42D-1CCCA6BD08BD}") = "RestAPi", "RestAPi\RestAPi.njsproj", "{50163E76-2C19-41BE-A2D6-0A4AD2225CEF}"
EndProject
Global
	GlobalSection(SolutionConfigurationPlatforms) = preSolution
		Debug|Any CPU = Debug|Any CPU
		Release|Any CPU = Release|Any CPU
	EndGlobalSection
	GlobalSection(ProjectConfigurationPlatforms) = postSolution
		{50163E76-2C19-41BE-A2D6-0A4AD2225CEF}.Debug|Any CPU.ActiveCfg = Debug|Any CPU
		{50163E76-2C19-41BE-A2D6-0A4AD2225CEF}.Debug|Any CPU.Build.0 = Debug|Any CPU
		{50163E76-2C19-41BE-A2D6-0A4AD2225CEF}.Release|Any CPU.ActiveCfg = Release|Any CPU
		{50163E76-2C19-41BE-A2D6-0A4AD2225CEF}.Release|Any CPU.Build.0 = Release|Any CPU
	EndGlobalSection
	GlobalSection(SolutionProperties) = preSolution
		HideSolutionNode = FALSE
	EndGlobalSection
EndGlobal
